
Microsoft Visual Studio Solution File, Format Version 12.00
Project("{FAE04EC0-301F-11D3-BF4B-00C04F79EFBC}") = "ThreadConsoleApp", "ThreadConsoleApp\ThreadConsoleApp.csproj", "{C476B6AA-4D15-460A-BA08-30E1FB4119CD}"
EndProject
Project("{FAE04EC0-301F-11D3-BF4B-00C04F79EFBC}") = "ThreadCalcConsoleApp", "ThreadCalcConsoleApp\ThreadCalcConsoleApp.csproj", "{AD6FCB8B-E327-465F-9B05-B1CB88D600CA}"
EndProject
Global
	GlobalSection(SolutionConfigurationPlatforms) = preSolution
		Debug|Any CPU = Debug|Any CPU
		Release|Any CPU = Release|Any CPU
	EndGlobalSection
	GlobalSection(ProjectConfigurationPlatforms) = postSolution
		{C476B6AA-4D15-460A-BA08-30E1FB4119CD}.Debug|Any CPU.ActiveCfg = Debug|Any CPU
		{C476B6AA-4D15-460A-BA08-30E1FB4119CD}.Debug|Any CPU.Build.0 = Debug|Any CPU
		{C476B6AA-4D15-460A-BA08-30E1FB4119CD}.Release|Any CPU.ActiveCfg = Release|Any CPU
		{C476B6AA-4D15-460A-BA08-30E1FB4119CD}.Release|Any CPU.Build.0 = Release|Any CPU
		{AD6FCB8B-E327-465F-9B05-B1CB88D600CA}.Debug|Any CPU.ActiveCfg = Debug|Any CPU
		{AD6FCB8B-E327-465F-9B05-B1CB88D600CA}.Debug|Any CPU.Build.0 = Debug|Any CPU
		{AD6FCB8B-E327-465F-9B05-B1CB88D600CA}.Release|Any CPU.ActiveCfg = Release|Any CPU
		{AD6FCB8B-E327-465F-9B05-B1CB88D600CA}.Release|Any CPU.Build.0 = Release|Any CPU
	EndGlobalSection
EndGlobal
