
Microsoft Visual Studio Solution File, Format Version 12.00
# Visual Studio Version 17
VisualStudioVersion = 17.7.34031.279
MinimumVisualStudioVersion = 10.0.40219.1
Project("{8BC9CEB8-8B4A-11D0-8D11-00A0C91BC942}") = "nov20", "nov20\nov20.vcxproj", "{09384019-B351-4A03-A75F-1354D43DD696}"
EndProject
Project("{8BC9CEB8-8B4A-11D0-8D11-00A0C91BC942}") = "Anagramms", "Anagramms\Anagramms.vcxproj", "{DF90625A-209A-437C-99F9-493E82EC4CD0}"
EndProject
Project("{8BC9CEB8-8B4A-11D0-8D11-00A0C91BC942}") = "Iterators", "Iterators\Iterators.vcxproj", "{766F47A4-B046-4871-AD33-0AA25FDA93A2}"
EndProject
Global
	GlobalSection(SolutionConfigurationPlatforms) = preSolution
		Debug|x64 = Debug|x64
		Debug|x86 = Debug|x86
		Release|x64 = Release|x64
		Release|x86 = Release|x86
	EndGlobalSection
	GlobalSection(ProjectConfigurationPlatforms) = postSolution
		{09384019-B351-4A03-A75F-1354D43DD696}.Debug|x64.ActiveCfg = Debug|x64
		{09384019-B351-4A03-A75F-1354D43DD696}.Debug|x64.Build.0 = Debug|x64
		{09384019-B351-4A03-A75F-1354D43DD696}.Debug|x86.ActiveCfg = Debug|Win32
		{09384019-B351-4A03-A75F-1354D43DD696}.Debug|x86.Build.0 = Debug|Win32
		{09384019-B351-4A03-A75F-1354D43DD696}.Release|x64.ActiveCfg = Release|x64
		{09384019-B351-4A03-A75F-1354D43DD696}.Release|x64.Build.0 = Release|x64
		{09384019-B351-4A03-A75F-1354D43DD696}.Release|x86.ActiveCfg = Release|Win32
		{09384019-B351-4A03-A75F-1354D43DD696}.Release|x86.Build.0 = Release|Win32
		{DF90625A-209A-437C-99F9-493E82EC4CD0}.Debug|x64.ActiveCfg = Debug|x64
		{DF90625A-209A-437C-99F9-493E82EC4CD0}.Debug|x64.Build.0 = Debug|x64
		{DF90625A-209A-437C-99F9-493E82EC4CD0}.Debug|x86.ActiveCfg = Debug|Win32
		{DF90625A-209A-437C-99F9-493E82EC4CD0}.Debug|x86.Build.0 = Debug|Win32
		{DF90625A-209A-437C-99F9-493E82EC4CD0}.Release|x64.ActiveCfg = Release|x64
		{DF90625A-209A-437C-99F9-493E82EC4CD0}.Release|x64.Build.0 = Release|x64
		{DF90625A-209A-437C-99F9-493E82EC4CD0}.Release|x86.ActiveCfg = Release|Win32
		{DF90625A-209A-437C-99F9-493E82EC4CD0}.Release|x86.Build.0 = Release|Win32
		{766F47A4-B046-4871-AD33-0AA25FDA93A2}.Debug|x64.ActiveCfg = Debug|x64
		{766F47A4-B046-4871-AD33-0AA25FDA93A2}.Debug|x64.Build.0 = Debug|x64
		{766F47A4-B046-4871-AD33-0AA25FDA93A2}.Debug|x86.ActiveCfg = Debug|Win32
		{766F47A4-B046-4871-AD33-0AA25FDA93A2}.Debug|x86.Build.0 = Debug|Win32
		{766F47A4-B046-4871-AD33-0AA25FDA93A2}.Release|x64.ActiveCfg = Release|x64
		{766F47A4-B046-4871-AD33-0AA25FDA93A2}.Release|x64.Build.0 = Release|x64
		{766F47A4-B046-4871-AD33-0AA25FDA93A2}.Release|x86.ActiveCfg = Release|Win32
		{766F47A4-B046-4871-AD33-0AA25FDA93A2}.Release|x86.Build.0 = Release|Win32
	EndGlobalSection
	GlobalSection(SolutionProperties) = preSolution
		HideSolutionNode = FALSE
	EndGlobalSection
	GlobalSection(ExtensibilityGlobals) = postSolution
		SolutionGuid = {C314619C-56F5-4670-908F-27E23A3CD03E}
	EndGlobalSection
EndGlobal
