
Microsoft Visual Studio Solution File, Format Version 12.00
Project("{FAE04EC0-301F-11D3-BF4B-00C04F79EFBC}") = "DIContaintersWebApp", "DIContaintersWebApp\DIContaintersWebApp.csproj", "{90B11B0A-615F-4F1C-8345-0FCC8EF0F405}"
EndProject
Global
	GlobalSection(SolutionConfigurationPlatforms) = preSolution
		Debug|Any CPU = Debug|Any CPU
		Release|Any CPU = Release|Any CPU
	EndGlobalSection
	GlobalSection(ProjectConfigurationPlatforms) = postSolution
		{90B11B0A-615F-4F1C-8345-0FCC8EF0F405}.Debug|Any CPU.ActiveCfg = Debug|Any CPU
		{90B11B0A-615F-4F1C-8345-0FCC8EF0F405}.Debug|Any CPU.Build.0 = Debug|Any CPU
		{90B11B0A-615F-4F1C-8345-0FCC8EF0F405}.Release|Any CPU.ActiveCfg = Release|Any CPU
		{90B11B0A-615F-4F1C-8345-0FCC8EF0F405}.Release|Any CPU.Build.0 = Release|Any CPU
	EndGlobalSection
EndGlobal
