
Microsoft Visual Studio Solution File, Format Version 12.00
# Visual Studio Version 17
VisualStudioVersion = 17.4.33205.214
MinimumVisualStudioVersion = 10.0.40219.1
Project("{8BC9CEB8-8B4A-11D0-8D11-00A0C91BC942}") = "03.02HW", "03.02HW.vcxproj", "{4FB0AF79-33FA-439B-9C22-31B95697E6CF}"
EndProject
Global
	GlobalSection(SolutionConfigurationPlatforms) = preSolution
		Debug|x64 = Debug|x64
		Debug|x86 = Debug|x86
		Release|x64 = Release|x64
		Release|x86 = Release|x86
	EndGlobalSection
	GlobalSection(ProjectConfigurationPlatforms) = postSolution
		{4FB0AF79-33FA-439B-9C22-31B95697E6CF}.Debug|x64.ActiveCfg = Debug|x64
		{4FB0AF79-33FA-439B-9C22-31B95697E6CF}.Debug|x64.Build.0 = Debug|x64
		{4FB0AF79-33FA-439B-9C22-31B95697E6CF}.Debug|x86.ActiveCfg = Debug|Win32
		{4FB0AF79-33FA-439B-9C22-31B95697E6CF}.Debug|x86.Build.0 = Debug|Win32
		{4FB0AF79-33FA-439B-9C22-31B95697E6CF}.Release|x64.ActiveCfg = Release|x64
		{4FB0AF79-33FA-439B-9C22-31B95697E6CF}.Release|x64.Build.0 = Release|x64
		{4FB0AF79-33FA-439B-9C22-31B95697E6CF}.Release|x86.ActiveCfg = Release|Win32
		{4FB0AF79-33FA-439B-9C22-31B95697E6CF}.Release|x86.Build.0 = Release|Win32
	EndGlobalSection
	GlobalSection(SolutionProperties) = preSolution
		HideSolutionNode = FALSE
	EndGlobalSection
	GlobalSection(ExtensibilityGlobals) = postSolution
		SolutionGuid = {5817DF74-10C2-4BF1-8C2D-9B3FEA984267}
	EndGlobalSection
EndGlobal
