
Microsoft Visual Studio Solution File, Format Version 12.00
# Visual Studio Version 17
VisualStudioVersion = 17.5.33502.453
MinimumVisualStudioVersion = 10.0.40219.1
Project("{FAE04EC0-301F-11D3-BF4B-00C04F79EFBC}") = "27.04_HW", "27.04_HW.csproj", "{8F767A33-6721-46E4-B6B4-283CAC4B3394}"
EndProject
Global
	GlobalSection(SolutionConfigurationPlatforms) = preSolution
		Debug|Any CPU = Debug|Any CPU
		Release|Any CPU = Release|Any CPU
	EndGlobalSection
	GlobalSection(ProjectConfigurationPlatforms) = postSolution
		{8F767A33-6721-46E4-B6B4-283CAC4B3394}.Debug|Any CPU.ActiveCfg = Debug|Any CPU
		{8F767A33-6721-46E4-B6B4-283CAC4B3394}.Debug|Any CPU.Build.0 = Debug|Any CPU
		{8F767A33-6721-46E4-B6B4-283CAC4B3394}.Release|Any CPU.ActiveCfg = Release|Any CPU
		{8F767A33-6721-46E4-B6B4-283CAC4B3394}.Release|Any CPU.Build.0 = Release|Any CPU
	EndGlobalSection
	GlobalSection(SolutionProperties) = preSolution
		HideSolutionNode = FALSE
	EndGlobalSection
	GlobalSection(ExtensibilityGlobals) = postSolution
		SolutionGuid = {DB423F1D-952B-4656-BF78-A112629882C4}
	EndGlobalSection
EndGlobal
