
Microsoft Visual Studio Solution File, Format Version 12.00
# Visual Studio Version 17
VisualStudioVersion = 17.4.33205.214
MinimumVisualStudioVersion = 10.0.40219.1
Project("{8BC9CEB8-8B4A-11D0-8D11-00A0C91BC942}") = "14feb", "14feb.vcxproj", "{05F16A2E-46CF-446F-A4DF-A988A022EBF1}"
EndProject
Global
	GlobalSection(SolutionConfigurationPlatforms) = preSolution
		Debug|x64 = Debug|x64
		Debug|x86 = Debug|x86
		Release|x64 = Release|x64
		Release|x86 = Release|x86
	EndGlobalSection
	GlobalSection(ProjectConfigurationPlatforms) = postSolution
		{05F16A2E-46CF-446F-A4DF-A988A022EBF1}.Debug|x64.ActiveCfg = Debug|x64
		{05F16A2E-46CF-446F-A4DF-A988A022EBF1}.Debug|x64.Build.0 = Debug|x64
		{05F16A2E-46CF-446F-A4DF-A988A022EBF1}.Debug|x86.ActiveCfg = Debug|Win32
		{05F16A2E-46CF-446F-A4DF-A988A022EBF1}.Debug|x86.Build.0 = Debug|Win32
		{05F16A2E-46CF-446F-A4DF-A988A022EBF1}.Release|x64.ActiveCfg = Release|x64
		{05F16A2E-46CF-446F-A4DF-A988A022EBF1}.Release|x64.Build.0 = Release|x64
		{05F16A2E-46CF-446F-A4DF-A988A022EBF1}.Release|x86.ActiveCfg = Release|Win32
		{05F16A2E-46CF-446F-A4DF-A988A022EBF1}.Release|x86.Build.0 = Release|Win32
	EndGlobalSection
	GlobalSection(SolutionProperties) = preSolution
		HideSolutionNode = FALSE
	EndGlobalSection
	GlobalSection(ExtensibilityGlobals) = postSolution
		SolutionGuid = {2A3E5156-CC47-4007-B6C5-2AD799B18C8C}
	EndGlobalSection
EndGlobal
