
Microsoft Visual Studio Solution File, Format Version 12.00
# Visual Studio Version 17
VisualStudioVersion = 17.5.33627.172
MinimumVisualStudioVersion = 10.0.40219.1
Project("{FAE04EC0-301F-11D3-BF4B-00C04F79EFBC}") = "31aug", "31aug\31aug.csproj", "{791C605B-1158-433A-AD0A-A8D05CACDEE9}"
EndProject
Global
	GlobalSection(SolutionConfigurationPlatforms) = preSolution
		Debug|Any CPU = Debug|Any CPU
		Release|Any CPU = Release|Any CPU
	EndGlobalSection
	GlobalSection(ProjectConfigurationPlatforms) = postSolution
		{791C605B-1158-433A-AD0A-A8D05CACDEE9}.Debug|Any CPU.ActiveCfg = Debug|Any CPU
		{791C605B-1158-433A-AD0A-A8D05CACDEE9}.Debug|Any CPU.Build.0 = Debug|Any CPU
		{791C605B-1158-433A-AD0A-A8D05CACDEE9}.Release|Any CPU.ActiveCfg = Release|Any CPU
		{791C605B-1158-433A-AD0A-A8D05CACDEE9}.Release|Any CPU.Build.0 = Release|Any CPU
	EndGlobalSection
	GlobalSection(SolutionProperties) = preSolution
		HideSolutionNode = FALSE
	EndGlobalSection
	GlobalSection(ExtensibilityGlobals) = postSolution
		SolutionGuid = {B666B019-DF79-44E0-B372-A6B5021240E4}
	EndGlobalSection
EndGlobal
