
Microsoft Visual Studio Solution File, Format Version 12.00
Project("{FAE04EC0-301F-11D3-BF4B-00C04F79EFBC}") = "AsyncAwaitExamplesConsoleApp", "AsyncAwaitExamplesConsoleApp\AsyncAwaitExamplesConsoleApp.csproj", "{78EE2FCE-1ADF-4188-9AE5-A52C65A719E5}"
EndProject
Project("{FAE04EC0-301F-11D3-BF4B-00C04F79EFBC}") = "WpfApp", "WpfApp\WpfApp.csproj", "{AC578CEE-777A-4816-BC11-DB45F9201D10}"
EndProject
Global
	GlobalSection(SolutionConfigurationPlatforms) = preSolution
		Debug|Any CPU = Debug|Any CPU
		Release|Any CPU = Release|Any CPU
	EndGlobalSection
	GlobalSection(ProjectConfigurationPlatforms) = postSolution
		{78EE2FCE-1ADF-4188-9AE5-A52C65A719E5}.Debug|Any CPU.ActiveCfg = Debug|Any CPU
		{78EE2FCE-1ADF-4188-9AE5-A52C65A719E5}.Debug|Any CPU.Build.0 = Debug|Any CPU
		{78EE2FCE-1ADF-4188-9AE5-A52C65A719E5}.Release|Any CPU.ActiveCfg = Release|Any CPU
		{78EE2FCE-1ADF-4188-9AE5-A52C65A719E5}.Release|Any CPU.Build.0 = Release|Any CPU
		{AC578CEE-777A-4816-BC11-DB45F9201D10}.Debug|Any CPU.ActiveCfg = Debug|Any CPU
		{AC578CEE-777A-4816-BC11-DB45F9201D10}.Debug|Any CPU.Build.0 = Debug|Any CPU
		{AC578CEE-777A-4816-BC11-DB45F9201D10}.Release|Any CPU.ActiveCfg = Release|Any CPU
		{AC578CEE-777A-4816-BC11-DB45F9201D10}.Release|Any CPU.Build.0 = Release|Any CPU
	EndGlobalSection
EndGlobal
