
Microsoft Visual Studio Solution File, Format Version 12.00
# Visual Studio Version 17
VisualStudioVersion = 17.7.34031.279
MinimumVisualStudioVersion = 10.0.40219.1
Project("{9A19103F-16F7-4668-BE54-9A1E7A4F7556}") = "DockPanelWpfApp", "DockPanelWpfApp\DockPanelWpfApp.csproj", "{4E994DCE-E888-410C-9DD2-5D72D7AAEB64}"
EndProject
Project("{FAE04EC0-301F-11D3-BF4B-00C04F79EFBC}") = "DockPanelExampleWpfApp", "DockPanelExampleWpfApp\DockPanelExampleWpfApp.csproj", "{A66CFEC7-07D5-4B54-A954-933AD10C5E00}"
EndProject
Project("{FAE04EC0-301F-11D3-BF4B-00C04F79EFBC}") = "FontsWpfApp", "FontsWpfApp\FontsWpfApp.csproj", "{69EA1CD3-20E0-438B-A1EA-E68C6172D86E}"
EndProject
Project("{FAE04EC0-301F-11D3-BF4B-00C04F79EFBC}") = "CanvasWpfApp", "CanvasWpfApp\CanvasWpfApp.csproj", "{12484331-C1BC-4113-96FB-E33375EA5B53}"
EndProject
Project("{FAE04EC0-301F-11D3-BF4B-00C04F79EFBC}") = "ControlsWpfApp", "ControlsWpfApp\ControlsWpfApp.csproj", "{F334FD5B-8F5E-4295-B552-C3F3DD0BF166}"
EndProject
Global
	GlobalSection(SolutionConfigurationPlatforms) = preSolution
		Debug|Any CPU = Debug|Any CPU
		Release|Any CPU = Release|Any CPU
	EndGlobalSection
	GlobalSection(ProjectConfigurationPlatforms) = postSolution
		{4E994DCE-E888-410C-9DD2-5D72D7AAEB64}.Debug|Any CPU.ActiveCfg = Debug|Any CPU
		{4E994DCE-E888-410C-9DD2-5D72D7AAEB64}.Debug|Any CPU.Build.0 = Debug|Any CPU
		{4E994DCE-E888-410C-9DD2-5D72D7AAEB64}.Release|Any CPU.ActiveCfg = Release|Any CPU
		{4E994DCE-E888-410C-9DD2-5D72D7AAEB64}.Release|Any CPU.Build.0 = Release|Any CPU
		{A66CFEC7-07D5-4B54-A954-933AD10C5E00}.Debug|Any CPU.ActiveCfg = Debug|Any CPU
		{A66CFEC7-07D5-4B54-A954-933AD10C5E00}.Debug|Any CPU.Build.0 = Debug|Any CPU
		{A66CFEC7-07D5-4B54-A954-933AD10C5E00}.Release|Any CPU.ActiveCfg = Release|Any CPU
		{A66CFEC7-07D5-4B54-A954-933AD10C5E00}.Release|Any CPU.Build.0 = Release|Any CPU
		{69EA1CD3-20E0-438B-A1EA-E68C6172D86E}.Debug|Any CPU.ActiveCfg = Debug|Any CPU
		{69EA1CD3-20E0-438B-A1EA-E68C6172D86E}.Debug|Any CPU.Build.0 = Debug|Any CPU
		{69EA1CD3-20E0-438B-A1EA-E68C6172D86E}.Release|Any CPU.ActiveCfg = Release|Any CPU
		{69EA1CD3-20E0-438B-A1EA-E68C6172D86E}.Release|Any CPU.Build.0 = Release|Any CPU
		{12484331-C1BC-4113-96FB-E33375EA5B53}.Debug|Any CPU.ActiveCfg = Debug|Any CPU
		{12484331-C1BC-4113-96FB-E33375EA5B53}.Debug|Any CPU.Build.0 = Debug|Any CPU
		{12484331-C1BC-4113-96FB-E33375EA5B53}.Release|Any CPU.ActiveCfg = Release|Any CPU
		{12484331-C1BC-4113-96FB-E33375EA5B53}.Release|Any CPU.Build.0 = Release|Any CPU
		{F334FD5B-8F5E-4295-B552-C3F3DD0BF166}.Debug|Any CPU.ActiveCfg = Debug|Any CPU
		{F334FD5B-8F5E-4295-B552-C3F3DD0BF166}.Debug|Any CPU.Build.0 = Debug|Any CPU
		{F334FD5B-8F5E-4295-B552-C3F3DD0BF166}.Release|Any CPU.ActiveCfg = Release|Any CPU
		{F334FD5B-8F5E-4295-B552-C3F3DD0BF166}.Release|Any CPU.Build.0 = Release|Any CPU
	EndGlobalSection
	GlobalSection(SolutionProperties) = preSolution
		HideSolutionNode = FALSE
	EndGlobalSection
	GlobalSection(ExtensibilityGlobals) = postSolution
		SolutionGuid = {7892F5DA-E607-4E08-B3BF-EDA2030FA470}
	EndGlobalSection
EndGlobal
