
Microsoft Visual Studio Solution File, Format Version 12.00
Project("{FAE04EC0-301F-11D3-BF4B-00C04F79EFBC}") = "jan08_HW", "jan08_HW\jan08_HW.csproj", "{2B38AA10-AC2B-40F7-80A8-6E41CF0786EA}"
EndProject
Global
	GlobalSection(SolutionConfigurationPlatforms) = preSolution
		Debug|Any CPU = Debug|Any CPU
		Release|Any CPU = Release|Any CPU
	EndGlobalSection
	GlobalSection(ProjectConfigurationPlatforms) = postSolution
		{2B38AA10-AC2B-40F7-80A8-6E41CF0786EA}.Debug|Any CPU.ActiveCfg = Debug|Any CPU
		{2B38AA10-AC2B-40F7-80A8-6E41CF0786EA}.Debug|Any CPU.Build.0 = Debug|Any CPU
		{2B38AA10-AC2B-40F7-80A8-6E41CF0786EA}.Release|Any CPU.ActiveCfg = Release|Any CPU
		{2B38AA10-AC2B-40F7-80A8-6E41CF0786EA}.Release|Any CPU.Build.0 = Release|Any CPU
	EndGlobalSection
EndGlobal
