
Microsoft Visual Studio Solution File, Format Version 12.00
Project("{FAE04EC0-301F-11D3-BF4B-00C04F79EFBC}") = "jan26_HW", "jan26_HW\jan26_HW.csproj", "{CA021ED7-8E93-4827-8862-D3D9ACD2352E}"
EndProject
Project("{FAE04EC0-301F-11D3-BF4B-00C04F79EFBC}") = "jan26_HW.DataAccess", "jan26_HW.DataAccess\jan26_HW.DataAccess.csproj", "{2A46C985-16BF-4D6D-8F4A-F262CE3952A2}"
EndProject
Project("{FAE04EC0-301F-11D3-BF4B-00C04F79EFBC}") = "jan26_HW.Migrations", "jan26_HW.Migrations\jan26_HW.Migrations.csproj", "{30F08666-87B0-46BC-956C-9182BDDBDD5F}"
EndProject
Global
	GlobalSection(SolutionConfigurationPlatforms) = preSolution
		Debug|Any CPU = Debug|Any CPU
		Release|Any CPU = Release|Any CPU
	EndGlobalSection
	GlobalSection(ProjectConfigurationPlatforms) = postSolution
		{CA021ED7-8E93-4827-8862-D3D9ACD2352E}.Debug|Any CPU.ActiveCfg = Debug|Any CPU
		{CA021ED7-8E93-4827-8862-D3D9ACD2352E}.Debug|Any CPU.Build.0 = Debug|Any CPU
		{CA021ED7-8E93-4827-8862-D3D9ACD2352E}.Release|Any CPU.ActiveCfg = Release|Any CPU
		{CA021ED7-8E93-4827-8862-D3D9ACD2352E}.Release|Any CPU.Build.0 = Release|Any CPU
		{2A46C985-16BF-4D6D-8F4A-F262CE3952A2}.Debug|Any CPU.ActiveCfg = Debug|Any CPU
		{2A46C985-16BF-4D6D-8F4A-F262CE3952A2}.Debug|Any CPU.Build.0 = Debug|Any CPU
		{2A46C985-16BF-4D6D-8F4A-F262CE3952A2}.Release|Any CPU.ActiveCfg = Release|Any CPU
		{2A46C985-16BF-4D6D-8F4A-F262CE3952A2}.Release|Any CPU.Build.0 = Release|Any CPU
		{30F08666-87B0-46BC-956C-9182BDDBDD5F}.Debug|Any CPU.ActiveCfg = Debug|Any CPU
		{30F08666-87B0-46BC-956C-9182BDDBDD5F}.Debug|Any CPU.Build.0 = Debug|Any CPU
		{30F08666-87B0-46BC-956C-9182BDDBDD5F}.Release|Any CPU.ActiveCfg = Release|Any CPU
		{30F08666-87B0-46BC-956C-9182BDDBDD5F}.Release|Any CPU.Build.0 = Release|Any CPU
	EndGlobalSection
EndGlobal
