
Microsoft Visual Studio Solution File, Format Version 12.00
# Visual Studio Version 17
VisualStudioVersion = 17.9.34321.82
MinimumVisualStudioVersion = 10.0.40219.1
Project("{9A19103F-16F7-4668-BE54-9A1E7A4F7556}") = "ObjectModelWpf", "ObjectModelWpf\ObjectModelWpf.csproj", "{CD00139C-8AB0-4E65-8312-45D8AF369778}"
EndProject
Project("{FAE04EC0-301F-11D3-BF4B-00C04F79EFBC}") = "EfCoreWpf", "EfCoreWpf\EfCoreWpf.csproj", "{B6CF1177-2943-4BD3-9A46-0B5198AA416D}"
EndProject
Global
	GlobalSection(SolutionConfigurationPlatforms) = preSolution
		Debug|Any CPU = Debug|Any CPU
		Release|Any CPU = Release|Any CPU
	EndGlobalSection
	GlobalSection(ProjectConfigurationPlatforms) = postSolution
		{CD00139C-8AB0-4E65-8312-45D8AF369778}.Debug|Any CPU.ActiveCfg = Debug|Any CPU
		{CD00139C-8AB0-4E65-8312-45D8AF369778}.Debug|Any CPU.Build.0 = Debug|Any CPU
		{CD00139C-8AB0-4E65-8312-45D8AF369778}.Release|Any CPU.ActiveCfg = Release|Any CPU
		{CD00139C-8AB0-4E65-8312-45D8AF369778}.Release|Any CPU.Build.0 = Release|Any CPU
		{B6CF1177-2943-4BD3-9A46-0B5198AA416D}.Debug|Any CPU.ActiveCfg = Debug|Any CPU
		{B6CF1177-2943-4BD3-9A46-0B5198AA416D}.Debug|Any CPU.Build.0 = Debug|Any CPU
		{B6CF1177-2943-4BD3-9A46-0B5198AA416D}.Release|Any CPU.ActiveCfg = Release|Any CPU
		{B6CF1177-2943-4BD3-9A46-0B5198AA416D}.Release|Any CPU.Build.0 = Release|Any CPU
	EndGlobalSection
	GlobalSection(SolutionProperties) = preSolution
		HideSolutionNode = FALSE
	EndGlobalSection
	GlobalSection(ExtensibilityGlobals) = postSolution
		SolutionGuid = {BD04B129-87F4-4B5D-95CC-24A6C6B7593F}
	EndGlobalSection
EndGlobal
