
Microsoft Visual Studio Solution File, Format Version 12.00
Project("{FAE04EC0-301F-11D3-BF4B-00C04F79EFBC}") = "CommandWpfApp", "CommandWpfApp\CommandWpfApp.csproj", "{EA614A42-B971-4681-B055-A2669C4029F7}"
EndProject
Global
	GlobalSection(SolutionConfigurationPlatforms) = preSolution
		Debug|Any CPU = Debug|Any CPU
		Release|Any CPU = Release|Any CPU
	EndGlobalSection
	GlobalSection(ProjectConfigurationPlatforms) = postSolution
		{EA614A42-B971-4681-B055-A2669C4029F7}.Debug|Any CPU.ActiveCfg = Debug|Any CPU
		{EA614A42-B971-4681-B055-A2669C4029F7}.Debug|Any CPU.Build.0 = Debug|Any CPU
		{EA614A42-B971-4681-B055-A2669C4029F7}.Release|Any CPU.ActiveCfg = Release|Any CPU
		{EA614A42-B971-4681-B055-A2669C4029F7}.Release|Any CPU.Build.0 = Release|Any CPU
	EndGlobalSection
EndGlobal
