
Microsoft Visual Studio Solution File, Format Version 12.00
Project("{FAE04EC0-301F-11D3-BF4B-00C04F79EFBC}") = "Client", "Client\Client.csproj", "{5407CFB0-FCA5-40E8-81B0-284C7A3FD541}"
EndProject
Project("{FAE04EC0-301F-11D3-BF4B-00C04F79EFBC}") = "Server", "Server\Server.csproj", "{904F843C-A064-45BF-B9D1-1C96F3AEA0ED}"
EndProject
Global
	GlobalSection(SolutionConfigurationPlatforms) = preSolution
		Debug|Any CPU = Debug|Any CPU
		Release|Any CPU = Release|Any CPU
	EndGlobalSection
	GlobalSection(ProjectConfigurationPlatforms) = postSolution
		{5407CFB0-FCA5-40E8-81B0-284C7A3FD541}.Debug|Any CPU.ActiveCfg = Debug|Any CPU
		{5407CFB0-FCA5-40E8-81B0-284C7A3FD541}.Debug|Any CPU.Build.0 = Debug|Any CPU
		{5407CFB0-FCA5-40E8-81B0-284C7A3FD541}.Release|Any CPU.ActiveCfg = Release|Any CPU
		{5407CFB0-FCA5-40E8-81B0-284C7A3FD541}.Release|Any CPU.Build.0 = Release|Any CPU
		{904F843C-A064-45BF-B9D1-1C96F3AEA0ED}.Debug|Any CPU.ActiveCfg = Debug|Any CPU
		{904F843C-A064-45BF-B9D1-1C96F3AEA0ED}.Debug|Any CPU.Build.0 = Debug|Any CPU
		{904F843C-A064-45BF-B9D1-1C96F3AEA0ED}.Release|Any CPU.ActiveCfg = Release|Any CPU
		{904F843C-A064-45BF-B9D1-1C96F3AEA0ED}.Release|Any CPU.Build.0 = Release|Any CPU
	EndGlobalSection
EndGlobal
