
Microsoft Visual Studio Solution File, Format Version 12.00
Project("{FAE04EC0-301F-11D3-BF4B-00C04F79EFBC}") = "CrudWebApp", "CrudWebApp\CrudWebApp.csproj", "{43F98A1A-B3D2-4B31-B169-D8720CFC110C}"
EndProject
Project("{FAE04EC0-301F-11D3-BF4B-00C04F79EFBC}") = "CrudWebApp.DataAccess", "CrudWebApp.DataAccess\CrudWebApp.DataAccess.csproj", "{3DEAF747-9D2B-4B85-BDE6-0438684A7935}"
EndProject
Global
	GlobalSection(SolutionConfigurationPlatforms) = preSolution
		Debug|Any CPU = Debug|Any CPU
		Release|Any CPU = Release|Any CPU
	EndGlobalSection
	GlobalSection(ProjectConfigurationPlatforms) = postSolution
		{43F98A1A-B3D2-4B31-B169-D8720CFC110C}.Debug|Any CPU.ActiveCfg = Debug|Any CPU
		{43F98A1A-B3D2-4B31-B169-D8720CFC110C}.Debug|Any CPU.Build.0 = Debug|Any CPU
		{43F98A1A-B3D2-4B31-B169-D8720CFC110C}.Release|Any CPU.ActiveCfg = Release|Any CPU
		{43F98A1A-B3D2-4B31-B169-D8720CFC110C}.Release|Any CPU.Build.0 = Release|Any CPU
		{3DEAF747-9D2B-4B85-BDE6-0438684A7935}.Debug|Any CPU.ActiveCfg = Debug|Any CPU
		{3DEAF747-9D2B-4B85-BDE6-0438684A7935}.Debug|Any CPU.Build.0 = Debug|Any CPU
		{3DEAF747-9D2B-4B85-BDE6-0438684A7935}.Release|Any CPU.ActiveCfg = Release|Any CPU
		{3DEAF747-9D2B-4B85-BDE6-0438684A7935}.Release|Any CPU.Build.0 = Release|Any CPU
	EndGlobalSection
EndGlobal
