
Microsoft Visual Studio Solution File, Format Version 12.00
# Visual Studio Version 17
VisualStudioVersion = 17.7.34031.279
MinimumVisualStudioVersion = 10.0.40219.1
Project("{9A19103F-16F7-4668-BE54-9A1E7A4F7556}") = "12.09_HW", "12.09_HW\12.09_HW.csproj", "{30A3B5FA-5CA5-4546-AC0C-CF5D24DC1D9F}"
EndProject
Project("{FAE04EC0-301F-11D3-BF4B-00C04F79EFBC}") = "SecondHWWinFormsApp", "SecondHWWinFormsApp\SecondHWWinFormsApp.csproj", "{301CC4A7-4EFD-4987-B476-8F2388106011}"
EndProject
Project("{FAE04EC0-301F-11D3-BF4B-00C04F79EFBC}") = "FirstHomeWorkWpfApp", "FirstHomeWorkWpfApp\FirstHomeWorkWpfApp.csproj", "{20ED18A2-C0D9-4C14-A73C-3CB00AB5DAE8}"
EndProject
Global
	GlobalSection(SolutionConfigurationPlatforms) = preSolution
		Debug|Any CPU = Debug|Any CPU
		Release|Any CPU = Release|Any CPU
	EndGlobalSection
	GlobalSection(ProjectConfigurationPlatforms) = postSolution
		{30A3B5FA-5CA5-4546-AC0C-CF5D24DC1D9F}.Debug|Any CPU.ActiveCfg = Debug|Any CPU
		{30A3B5FA-5CA5-4546-AC0C-CF5D24DC1D9F}.Debug|Any CPU.Build.0 = Debug|Any CPU
		{30A3B5FA-5CA5-4546-AC0C-CF5D24DC1D9F}.Release|Any CPU.ActiveCfg = Release|Any CPU
		{30A3B5FA-5CA5-4546-AC0C-CF5D24DC1D9F}.Release|Any CPU.Build.0 = Release|Any CPU
		{301CC4A7-4EFD-4987-B476-8F2388106011}.Debug|Any CPU.ActiveCfg = Debug|Any CPU
		{301CC4A7-4EFD-4987-B476-8F2388106011}.Debug|Any CPU.Build.0 = Debug|Any CPU
		{301CC4A7-4EFD-4987-B476-8F2388106011}.Release|Any CPU.ActiveCfg = Release|Any CPU
		{301CC4A7-4EFD-4987-B476-8F2388106011}.Release|Any CPU.Build.0 = Release|Any CPU
		{20ED18A2-C0D9-4C14-A73C-3CB00AB5DAE8}.Debug|Any CPU.ActiveCfg = Debug|Any CPU
		{20ED18A2-C0D9-4C14-A73C-3CB00AB5DAE8}.Debug|Any CPU.Build.0 = Debug|Any CPU
		{20ED18A2-C0D9-4C14-A73C-3CB00AB5DAE8}.Release|Any CPU.ActiveCfg = Release|Any CPU
		{20ED18A2-C0D9-4C14-A73C-3CB00AB5DAE8}.Release|Any CPU.Build.0 = Release|Any CPU
	EndGlobalSection
	GlobalSection(SolutionProperties) = preSolution
		HideSolutionNode = FALSE
	EndGlobalSection
	GlobalSection(ExtensibilityGlobals) = postSolution
		SolutionGuid = {937D5B1C-0D33-4300-B324-7B076746BA66}
	EndGlobalSection
EndGlobal
