
Microsoft Visual Studio Solution File, Format Version 12.00
Project("{FAE04EC0-301F-11D3-BF4B-00C04F79EFBC}") = "RegistryConsoleApp", "RegistryConsoleApp\RegistryConsoleApp.csproj", "{F38BB091-D5DB-4D72-B26D-9CCB2CC1BDDC}"
EndProject
Global
	GlobalSection(SolutionConfigurationPlatforms) = preSolution
		Debug|Any CPU = Debug|Any CPU
		Release|Any CPU = Release|Any CPU
	EndGlobalSection
	GlobalSection(ProjectConfigurationPlatforms) = postSolution
		{F38BB091-D5DB-4D72-B26D-9CCB2CC1BDDC}.Debug|Any CPU.ActiveCfg = Debug|Any CPU
		{F38BB091-D5DB-4D72-B26D-9CCB2CC1BDDC}.Debug|Any CPU.Build.0 = Debug|Any CPU
		{F38BB091-D5DB-4D72-B26D-9CCB2CC1BDDC}.Release|Any CPU.ActiveCfg = Release|Any CPU
		{F38BB091-D5DB-4D72-B26D-9CCB2CC1BDDC}.Release|Any CPU.Build.0 = Release|Any CPU
	EndGlobalSection
EndGlobal
