
Microsoft Visual Studio Solution File, Format Version 12.00
Project("{FAE04EC0-301F-11D3-BF4B-00C04F79EFBC}") = "EfCoreWpfApp", "EfCoreWpfApp\EfCoreWpfApp.csproj", "{9B71921A-FC06-4349-B6EB-38ECB112C3A2}"
EndProject
Project("{FAE04EC0-301F-11D3-BF4B-00C04F79EFBC}") = "EntityFrameworkCoreiWpfApp", "EntityFrameworkCoreiWpfApp\EntityFrameworkCoreiWpfApp.csproj", "{90CB2B5A-9451-46B8-9D0D-E6502FF84682}"
EndProject
Global
	GlobalSection(SolutionConfigurationPlatforms) = preSolution
		Debug|Any CPU = Debug|Any CPU
		Release|Any CPU = Release|Any CPU
	EndGlobalSection
	GlobalSection(ProjectConfigurationPlatforms) = postSolution
		{9B71921A-FC06-4349-B6EB-38ECB112C3A2}.Debug|Any CPU.ActiveCfg = Debug|Any CPU
		{9B71921A-FC06-4349-B6EB-38ECB112C3A2}.Debug|Any CPU.Build.0 = Debug|Any CPU
		{9B71921A-FC06-4349-B6EB-38ECB112C3A2}.Release|Any CPU.ActiveCfg = Release|Any CPU
		{9B71921A-FC06-4349-B6EB-38ECB112C3A2}.Release|Any CPU.Build.0 = Release|Any CPU
		{90CB2B5A-9451-46B8-9D0D-E6502FF84682}.Debug|Any CPU.ActiveCfg = Debug|Any CPU
		{90CB2B5A-9451-46B8-9D0D-E6502FF84682}.Debug|Any CPU.Build.0 = Debug|Any CPU
		{90CB2B5A-9451-46B8-9D0D-E6502FF84682}.Release|Any CPU.ActiveCfg = Release|Any CPU
		{90CB2B5A-9451-46B8-9D0D-E6502FF84682}.Release|Any CPU.Build.0 = Release|Any CPU
	EndGlobalSection
EndGlobal
