
Microsoft Visual Studio Solution File, Format Version 12.00
# Visual Studio Version 17
VisualStudioVersion = 17.1.32328.378
MinimumVisualStudioVersion = 10.0.40219.1
Project("{8BC9CEB8-8B4A-11D0-8D11-00A0C91BC942}") = "4lesson", "4lesson.vcxproj", "{9422561E-1CA0-40C6-9905-31C40CA7BCAB}"
EndProject
Global
	GlobalSection(SolutionConfigurationPlatforms) = preSolution
		Debug|x64 = Debug|x64
		Debug|x86 = Debug|x86
		Release|x64 = Release|x64
		Release|x86 = Release|x86
	EndGlobalSection
	GlobalSection(ProjectConfigurationPlatforms) = postSolution
		{9422561E-1CA0-40C6-9905-31C40CA7BCAB}.Debug|x64.ActiveCfg = Debug|x64
		{9422561E-1CA0-40C6-9905-31C40CA7BCAB}.Debug|x64.Build.0 = Debug|x64
		{9422561E-1CA0-40C6-9905-31C40CA7BCAB}.Debug|x86.ActiveCfg = Debug|Win32
		{9422561E-1CA0-40C6-9905-31C40CA7BCAB}.Debug|x86.Build.0 = Debug|Win32
		{9422561E-1CA0-40C6-9905-31C40CA7BCAB}.Release|x64.ActiveCfg = Release|x64
		{9422561E-1CA0-40C6-9905-31C40CA7BCAB}.Release|x64.Build.0 = Release|x64
		{9422561E-1CA0-40C6-9905-31C40CA7BCAB}.Release|x86.ActiveCfg = Release|Win32
		{9422561E-1CA0-40C6-9905-31C40CA7BCAB}.Release|x86.Build.0 = Release|Win32
	EndGlobalSection
	GlobalSection(SolutionProperties) = preSolution
		HideSolutionNode = FALSE
	EndGlobalSection
	GlobalSection(ExtensibilityGlobals) = postSolution
		SolutionGuid = {9A86E4A9-0C08-44A5-BB34-692DD5FC3F42}
	EndGlobalSection
EndGlobal
