
Microsoft Visual Studio Solution File, Format Version 12.00
# Visual Studio Version 17
VisualStudioVersion = 17.3.32825.248
MinimumVisualStudioVersion = 10.0.40219.1
Project("{8BC9CEB8-8B4A-11D0-8D11-00A0C91BC942}") = "0410oct", "0410oct.vcxproj", "{86E7ACD1-642E-48E7-BE42-57629B8CC6B7}"
EndProject
Global
	GlobalSection(SolutionConfigurationPlatforms) = preSolution
		Debug|x64 = Debug|x64
		Debug|x86 = Debug|x86
		Release|x64 = Release|x64
		Release|x86 = Release|x86
	EndGlobalSection
	GlobalSection(ProjectConfigurationPlatforms) = postSolution
		{86E7ACD1-642E-48E7-BE42-57629B8CC6B7}.Debug|x64.ActiveCfg = Debug|x64
		{86E7ACD1-642E-48E7-BE42-57629B8CC6B7}.Debug|x64.Build.0 = Debug|x64
		{86E7ACD1-642E-48E7-BE42-57629B8CC6B7}.Debug|x86.ActiveCfg = Debug|Win32
		{86E7ACD1-642E-48E7-BE42-57629B8CC6B7}.Debug|x86.Build.0 = Debug|Win32
		{86E7ACD1-642E-48E7-BE42-57629B8CC6B7}.Release|x64.ActiveCfg = Release|x64
		{86E7ACD1-642E-48E7-BE42-57629B8CC6B7}.Release|x64.Build.0 = Release|x64
		{86E7ACD1-642E-48E7-BE42-57629B8CC6B7}.Release|x86.ActiveCfg = Release|Win32
		{86E7ACD1-642E-48E7-BE42-57629B8CC6B7}.Release|x86.Build.0 = Release|Win32
	EndGlobalSection
	GlobalSection(SolutionProperties) = preSolution
		HideSolutionNode = FALSE
	EndGlobalSection
	GlobalSection(ExtensibilityGlobals) = postSolution
		SolutionGuid = {E2DD1B02-D00C-4A41-9B3A-F73D792A4238}
	EndGlobalSection
EndGlobal
